
Microsoft Visual Studio Solution File, Format Version 12.00
# Visual Studio Version 17
VisualStudioVersion = 17.12.35527.113
MinimumVisualStudioVersion = 10.0.40219.1
Project("{FAE04EC0-301F-11D3-BF4B-00C04F79EFBC}") = "UserMicroserv", "UserMicroserv\UserMicroserv.csproj", "{F2224F24-FE6D-4E62-B1D6-04722007D755}"
EndProject
Project("{FAE04EC0-301F-11D3-BF4B-00C04F79EFBC}") = "Data", "Data\Data.csproj", "{38C03808-208B-421F-A30A-6092B2AEA3E5}"
EndProject
Project("{FAE04EC0-301F-11D3-BF4B-00C04F79EFBC}") = "BusinessLogic", "BusinessLogic\BusinessLogic.csproj", "{76D3D388-8FBC-46CF-A5F6-1F7ECBDB9771}"
EndProject
Project("{FAE04EC0-301F-11D3-BF4B-00C04F79EFBC}") = "RabbitMQ", "Rabbit\RabbitMQ.csproj", "{D4D10F9C-74D9-41ED-B00A-5C21CF669661}"
EndProject
Global
	GlobalSection(SolutionConfigurationPlatforms) = preSolution
		Debug|Any CPU = Debug|Any CPU
		Release|Any CPU = Release|Any CPU
	EndGlobalSection
	GlobalSection(ProjectConfigurationPlatforms) = postSolution
		{F2224F24-FE6D-4E62-B1D6-04722007D755}.Debug|Any CPU.ActiveCfg = Debug|Any CPU
		{F2224F24-FE6D-4E62-B1D6-04722007D755}.Debug|Any CPU.Build.0 = Debug|Any CPU
		{F2224F24-FE6D-4E62-B1D6-04722007D755}.Release|Any CPU.ActiveCfg = Release|Any CPU
		{F2224F24-FE6D-4E62-B1D6-04722007D755}.Release|Any CPU.Build.0 = Release|Any CPU
		{38C03808-208B-421F-A30A-6092B2AEA3E5}.Debug|Any CPU.ActiveCfg = Debug|Any CPU
		{38C03808-208B-421F-A30A-6092B2AEA3E5}.Debug|Any CPU.Build.0 = Debug|Any CPU
		{38C03808-208B-421F-A30A-6092B2AEA3E5}.Release|Any CPU.ActiveCfg = Release|Any CPU
		{38C03808-208B-421F-A30A-6092B2AEA3E5}.Release|Any CPU.Build.0 = Release|Any CPU
		{76D3D388-8FBC-46CF-A5F6-1F7ECBDB9771}.Debug|Any CPU.ActiveCfg = Debug|Any CPU
		{76D3D388-8FBC-46CF-A5F6-1F7ECBDB9771}.Debug|Any CPU.Build.0 = Debug|Any CPU
		{76D3D388-8FBC-46CF-A5F6-1F7ECBDB9771}.Release|Any CPU.ActiveCfg = Release|Any CPU
		{76D3D388-8FBC-46CF-A5F6-1F7ECBDB9771}.Release|Any CPU.Build.0 = Release|Any CPU
		{D4D10F9C-74D9-41ED-B00A-5C21CF669661}.Debug|Any CPU.ActiveCfg = Debug|Any CPU
		{D4D10F9C-74D9-41ED-B00A-5C21CF669661}.Debug|Any CPU.Build.0 = Debug|Any CPU
		{D4D10F9C-74D9-41ED-B00A-5C21CF669661}.Release|Any CPU.ActiveCfg = Release|Any CPU
		{D4D10F9C-74D9-41ED-B00A-5C21CF669661}.Release|Any CPU.Build.0 = Release|Any CPU
	EndGlobalSection
	GlobalSection(SolutionProperties) = preSolution
		HideSolutionNode = FALSE
	EndGlobalSection
EndGlobal
